// !$*UTF8*$!
{
	archiveVersion = 1;
	classes = {
	};
	objectVersion = 56;
	objects = {

/* Begin PBXBuildFile section */
		92F5D90C2ADF18110065CA99 /* AppDelegate.swift in Sources */ = {isa = PBXBuildFile; fileRef = 92F5D90B2ADF18110065CA99 /* AppDelegate.swift */; };
		92F5D90E2ADF18110065CA99 /* SceneDelegate.swift in Sources */ = {isa = PBXBuildFile; fileRef = 92F5D90D2ADF18110065CA99 /* SceneDelegate.swift */; };
		92F5D9152ADF18120065CA99 /* Assets.xcassets in Resources */ = {isa = PBXBuildFile; fileRef = 92F5D9142ADF18120065CA99 /* Assets.xcassets */; };
		92F5D9182ADF18120065CA99 /* LaunchScreen.storyboard in Resources */ = {isa = PBXBuildFile; fileRef = 92F5D9162ADF18120065CA99 /* LaunchScreen.storyboard */; };
		92F5D9212ADF20890065CA99 /* TraderModel.swift in Sources */ = {isa = PBXBuildFile; fileRef = 92F5D9202ADF20890065CA99 /* TraderModel.swift */; };
		92F5D9272ADF330F0065CA99 /* SplashViewController.swift in Sources */ = {isa = PBXBuildFile; fileRef = 92F5D9262ADF330F0065CA99 /* SplashViewController.swift */; };
		92F5D92A2ADF36080065CA99 /* Image.swift in Sources */ = {isa = PBXBuildFile; fileRef = 92F5D9292ADF36080065CA99 /* Image.swift */; };
		92F5D92D2AE0064F0065CA99 /* Colors.swift in Sources */ = {isa = PBXBuildFile; fileRef = 92F5D92C2AE0064F0065CA99 /* Colors.swift */; };
		92F5D93B2AE10A610065CA99 /* Inter-Regular.ttf in Resources */ = {isa = PBXBuildFile; fileRef = 92F5D9322AE10A610065CA99 /* Inter-Regular.ttf */; };
		92F5D93C2AE10A610065CA99 /* Inter-Medium.ttf in Resources */ = {isa = PBXBuildFile; fileRef = 92F5D9332AE10A610065CA99 /* Inter-Medium.ttf */; };
		92F5D93D2AE10A610065CA99 /* Inter-Thin.ttf in Resources */ = {isa = PBXBuildFile; fileRef = 92F5D9342AE10A610065CA99 /* Inter-Thin.ttf */; };
		92F5D93E2AE10A610065CA99 /* Inter-ExtraBold.ttf in Resources */ = {isa = PBXBuildFile; fileRef = 92F5D9352AE10A610065CA99 /* Inter-ExtraBold.ttf */; };
		92F5D93F2AE10A610065CA99 /* Inter-Bold.ttf in Resources */ = {isa = PBXBuildFile; fileRef = 92F5D9362AE10A610065CA99 /* Inter-Bold.ttf */; };
		92F5D9402AE10A610065CA99 /* Inter-ExtraLight.ttf in Resources */ = {isa = PBXBuildFile; fileRef = 92F5D9372AE10A610065CA99 /* Inter-ExtraLight.ttf */; };
		92F5D9412AE10A610065CA99 /* Inter-Light.ttf in Resources */ = {isa = PBXBuildFile; fileRef = 92F5D9382AE10A610065CA99 /* Inter-Light.ttf */; };
		92F5D9422AE10A610065CA99 /* Inter-SemiBold.ttf in Resources */ = {isa = PBXBuildFile; fileRef = 92F5D9392AE10A610065CA99 /* Inter-SemiBold.ttf */; };
		92F5D9432AE10A610065CA99 /* Inter-Black.ttf in Resources */ = {isa = PBXBuildFile; fileRef = 92F5D93A2AE10A610065CA99 /* Inter-Black.ttf */; };
		92F5D9452AE10B6C0065CA99 /* Fonts.swift in Sources */ = {isa = PBXBuildFile; fileRef = 92F5D9442AE10B6C0065CA99 /* Fonts.swift */; };
		92F5D9482AE1152B0065CA99 /* Localizable.strings in Resources */ = {isa = PBXBuildFile; fileRef = 92F5D94A2AE1152B0065CA99 /* Localizable.strings */; };
		92F5D94C2AE1161F0065CA99 /* Localization.swift in Sources */ = {isa = PBXBuildFile; fileRef = 92F5D94B2AE1161F0065CA99 /* Localization.swift */; };
		92F5D94F2AE173F60065CA99 /* TabBarController.swift in Sources */ = {isa = PBXBuildFile; fileRef = 92F5D94E2AE173F60065CA99 /* TabBarController.swift */; };
		92F5D9522AE174420065CA99 /* TopViewController.swift in Sources */ = {isa = PBXBuildFile; fileRef = 92F5D9512AE174420065CA99 /* TopViewController.swift */; };
		92F5D9542AE174630065CA99 /* TradeViewController.swift in Sources */ = {isa = PBXBuildFile; fileRef = 92F5D9532AE174630065CA99 /* TradeViewController.swift */; };
		92F5D9562AE1A23B0065CA99 /* TopTableViewCell.swift in Sources */ = {isa = PBXBuildFile; fileRef = 92F5D9552AE1A23B0065CA99 /* TopTableViewCell.swift */; };
		92F5D9592AE1A35B0065CA99 /* TopTradersViewModel.swift in Sources */ = {isa = PBXBuildFile; fileRef = 92F5D9582AE1A35B0065CA99 /* TopTradersViewModel.swift */; };
		92F5D95B2AE1A3730065CA99 /* TopTradersViewModelProtocol.swift in Sources */ = {isa = PBXBuildFile; fileRef = 92F5D95A2AE1A3730065CA99 /* TopTradersViewModelProtocol.swift */; };
		92F5D95D2AE1A4710065CA99 /* TraderViewModel.swift in Sources */ = {isa = PBXBuildFile; fileRef = 92F5D95C2AE1A4710065CA99 /* TraderViewModel.swift */; };
		92F5D95F2AE1A8740065CA99 /* ObservableWrapper.swift in Sources */ = {isa = PBXBuildFile; fileRef = 92F5D95E2AE1A8740065CA99 /* ObservableWrapper.swift */; };
		92F5D9612AE1C3D50065CA99 /* TopTableHeaderView.swift in Sources */ = {isa = PBXBuildFile; fileRef = 92F5D9602AE1C3D50065CA99 /* TopTableHeaderView.swift */; };
		92F5D9632AE267150065CA99 /* TradersStore.swift in Sources */ = {isa = PBXBuildFile; fileRef = 92F5D9622AE267150065CA99 /* TradersStore.swift */; };
		92F5D9652AE267310065CA99 /* TradersStoreProtocol.swift in Sources */ = {isa = PBXBuildFile; fileRef = 92F5D9642AE267310065CA99 /* TradersStoreProtocol.swift */; };
/* End PBXBuildFile section */

/* Begin PBXFileReference section */
		92F5D9082ADF18110065CA99 /* TradingView.app */ = {isa = PBXFileReference; explicitFileType = wrapper.application; includeInIndex = 0; path = TradingView.app; sourceTree = BUILT_PRODUCTS_DIR; };
		92F5D90B2ADF18110065CA99 /* AppDelegate.swift */ = {isa = PBXFileReference; lastKnownFileType = sourcecode.swift; path = AppDelegate.swift; sourceTree = "<group>"; };
		92F5D90D2ADF18110065CA99 /* SceneDelegate.swift */ = {isa = PBXFileReference; lastKnownFileType = sourcecode.swift; path = SceneDelegate.swift; sourceTree = "<group>"; };
		92F5D9142ADF18120065CA99 /* Assets.xcassets */ = {isa = PBXFileReference; lastKnownFileType = folder.assetcatalog; path = Assets.xcassets; sourceTree = "<group>"; };
		92F5D9172ADF18120065CA99 /* Base */ = {isa = PBXFileReference; lastKnownFileType = file.storyboard; name = Base; path = Base.lproj/LaunchScreen.storyboard; sourceTree = "<group>"; };
		92F5D9192ADF18120065CA99 /* Info.plist */ = {isa = PBXFileReference; lastKnownFileType = text.plist.xml; path = Info.plist; sourceTree = "<group>"; };
		92F5D9202ADF20890065CA99 /* TraderModel.swift */ = {isa = PBXFileReference; lastKnownFileType = sourcecode.swift; path = TraderModel.swift; sourceTree = "<group>"; };
		92F5D9262ADF330F0065CA99 /* SplashViewController.swift */ = {isa = PBXFileReference; lastKnownFileType = sourcecode.swift; path = SplashViewController.swift; sourceTree = "<group>"; };
		92F5D9292ADF36080065CA99 /* Image.swift */ = {isa = PBXFileReference; lastKnownFileType = sourcecode.swift; path = Image.swift; sourceTree = "<group>"; };
		92F5D92C2AE0064F0065CA99 /* Colors.swift */ = {isa = PBXFileReference; lastKnownFileType = sourcecode.swift; path = Colors.swift; sourceTree = "<group>"; };
		92F5D9322AE10A610065CA99 /* Inter-Regular.ttf */ = {isa = PBXFileReference; lastKnownFileType = file; path = "Inter-Regular.ttf"; sourceTree = "<group>"; };
		92F5D9332AE10A610065CA99 /* Inter-Medium.ttf */ = {isa = PBXFileReference; lastKnownFileType = file; path = "Inter-Medium.ttf"; sourceTree = "<group>"; };
		92F5D9342AE10A610065CA99 /* Inter-Thin.ttf */ = {isa = PBXFileReference; lastKnownFileType = file; path = "Inter-Thin.ttf"; sourceTree = "<group>"; };
		92F5D9352AE10A610065CA99 /* Inter-ExtraBold.ttf */ = {isa = PBXFileReference; lastKnownFileType = file; path = "Inter-ExtraBold.ttf"; sourceTree = "<group>"; };
		92F5D9362AE10A610065CA99 /* Inter-Bold.ttf */ = {isa = PBXFileReference; lastKnownFileType = file; path = "Inter-Bold.ttf"; sourceTree = "<group>"; };
		92F5D9372AE10A610065CA99 /* Inter-ExtraLight.ttf */ = {isa = PBXFileReference; lastKnownFileType = file; path = "Inter-ExtraLight.ttf"; sourceTree = "<group>"; };
		92F5D9382AE10A610065CA99 /* Inter-Light.ttf */ = {isa = PBXFileReference; lastKnownFileType = file; path = "Inter-Light.ttf"; sourceTree = "<group>"; };
		92F5D9392AE10A610065CA99 /* Inter-SemiBold.ttf */ = {isa = PBXFileReference; lastKnownFileType = file; path = "Inter-SemiBold.ttf"; sourceTree = "<group>"; };
		92F5D93A2AE10A610065CA99 /* Inter-Black.ttf */ = {isa = PBXFileReference; lastKnownFileType = file; path = "Inter-Black.ttf"; sourceTree = "<group>"; };
		92F5D9442AE10B6C0065CA99 /* Fonts.swift */ = {isa = PBXFileReference; lastKnownFileType = sourcecode.swift; path = Fonts.swift; sourceTree = "<group>"; };
		92F5D9492AE1152B0065CA99 /* en */ = {isa = PBXFileReference; lastKnownFileType = text.plist.strings; name = en; path = en.lproj/Localizable.strings; sourceTree = "<group>"; };
		92F5D94B2AE1161F0065CA99 /* Localization.swift */ = {isa = PBXFileReference; lastKnownFileType = sourcecode.swift; path = Localization.swift; sourceTree = "<group>"; };
		92F5D94E2AE173F60065CA99 /* TabBarController.swift */ = {isa = PBXFileReference; lastKnownFileType = sourcecode.swift; path = TabBarController.swift; sourceTree = "<group>"; };
		92F5D9512AE174420065CA99 /* TopViewController.swift */ = {isa = PBXFileReference; lastKnownFileType = sourcecode.swift; path = TopViewController.swift; sourceTree = "<group>"; };
		92F5D9532AE174630065CA99 /* TradeViewController.swift */ = {isa = PBXFileReference; lastKnownFileType = sourcecode.swift; path = TradeViewController.swift; sourceTree = "<group>"; };
		92F5D9552AE1A23B0065CA99 /* TopTableViewCell.swift */ = {isa = PBXFileReference; lastKnownFileType = sourcecode.swift; path = TopTableViewCell.swift; sourceTree = "<group>"; };
		92F5D9582AE1A35B0065CA99 /* TopTradersViewModel.swift */ = {isa = PBXFileReference; lastKnownFileType = sourcecode.swift; path = TopTradersViewModel.swift; sourceTree = "<group>"; };
		92F5D95A2AE1A3730065CA99 /* TopTradersViewModelProtocol.swift */ = {isa = PBXFileReference; lastKnownFileType = sourcecode.swift; path = TopTradersViewModelProtocol.swift; sourceTree = "<group>"; };
		92F5D95C2AE1A4710065CA99 /* TraderViewModel.swift */ = {isa = PBXFileReference; lastKnownFileType = sourcecode.swift; path = TraderViewModel.swift; sourceTree = "<group>"; };
		92F5D95E2AE1A8740065CA99 /* ObservableWrapper.swift */ = {isa = PBXFileReference; lastKnownFileType = sourcecode.swift; path = ObservableWrapper.swift; sourceTree = "<group>"; };
		92F5D9602AE1C3D50065CA99 /* TopTableHeaderView.swift */ = {isa = PBXFileReference; lastKnownFileType = sourcecode.swift; path = TopTableHeaderView.swift; sourceTree = "<group>"; };
		92F5D9622AE267150065CA99 /* TradersStore.swift */ = {isa = PBXFileReference; lastKnownFileType = sourcecode.swift; path = TradersStore.swift; sourceTree = "<group>"; };
		92F5D9642AE267310065CA99 /* TradersStoreProtocol.swift */ = {isa = PBXFileReference; lastKnownFileType = sourcecode.swift; path = TradersStoreProtocol.swift; sourceTree = "<group>"; };
/* End PBXFileReference section */

/* Begin PBXFrameworksBuildPhase section */
		92F5D9052ADF18110065CA99 /* Frameworks */ = {
			isa = PBXFrameworksBuildPhase;
			buildActionMask = 2147483647;
			files = (
			);
			runOnlyForDeploymentPostprocessing = 0;
		};
/* End PBXFrameworksBuildPhase section */

/* Begin PBXGroup section */
		92F5D8FF2ADF18110065CA99 = {
			isa = PBXGroup;
			children = (
				92F5D90A2ADF18110065CA99 /* TradingView */,
				92F5D9092ADF18110065CA99 /* Products */,
			);
			sourceTree = "<group>";
		};
		92F5D9092ADF18110065CA99 /* Products */ = {
			isa = PBXGroup;
			children = (
				92F5D9082ADF18110065CA99 /* TradingView.app */,
			);
			name = Products;
			sourceTree = "<group>";
		};
		92F5D90A2ADF18110065CA99 /* TradingView */ = {
			isa = PBXGroup;
			children = (
				92F5D90B2ADF18110065CA99 /* AppDelegate.swift */,
				92F5D90D2ADF18110065CA99 /* SceneDelegate.swift */,
				92F5D9262ADF330F0065CA99 /* SplashViewController.swift */,
				92F5D94D2AE173E70065CA99 /* Navigation */,
				92F5D91F2ADF204D0065CA99 /* Model */,
				92F5D9502AE1741C0065CA99 /* View */,
				92F5D9572AE1A3400065CA99 /* ViewModel */,
				92F5D9282ADF35F30065CA99 /* Resources */,
				92F5D9142ADF18120065CA99 /* Assets.xcassets */,
				92F5D9162ADF18120065CA99 /* LaunchScreen.storyboard */,
				92F5D9192ADF18120065CA99 /* Info.plist */,
			);
			path = TradingView;
			sourceTree = "<group>";
		};
		92F5D91F2ADF204D0065CA99 /* Model */ = {
			isa = PBXGroup;
			children = (
				92F5D9622AE267150065CA99 /* TradersStore.swift */,
				92F5D9642AE267310065CA99 /* TradersStoreProtocol.swift */,
				92F5D9202ADF20890065CA99 /* TraderModel.swift */,
			);
			path = Model;
			sourceTree = "<group>";
		};
		92F5D9282ADF35F30065CA99 /* Resources */ = {
			isa = PBXGroup;
			children = (
				92F5D9302AE109310065CA99 /* Fonts */,
				92F5D94A2AE1152B0065CA99 /* Localizable.strings */,
				92F5D94B2AE1161F0065CA99 /* Localization.swift */,
				92F5D9292ADF36080065CA99 /* Image.swift */,
				92F5D92C2AE0064F0065CA99 /* Colors.swift */,
				92F5D9442AE10B6C0065CA99 /* Fonts.swift */,
			);
			path = Resources;
			sourceTree = "<group>";
		};
		92F5D9302AE109310065CA99 /* Fonts */ = {
			isa = PBXGroup;
			children = (
				92F5D9312AE10A300065CA99 /* Inter */,
			);
			path = Fonts;
			sourceTree = "<group>";
		};
		92F5D9312AE10A300065CA99 /* Inter */ = {
			isa = PBXGroup;
			children = (
				92F5D93A2AE10A610065CA99 /* Inter-Black.ttf */,
				92F5D9362AE10A610065CA99 /* Inter-Bold.ttf */,
				92F5D9352AE10A610065CA99 /* Inter-ExtraBold.ttf */,
				92F5D9372AE10A610065CA99 /* Inter-ExtraLight.ttf */,
				92F5D9382AE10A610065CA99 /* Inter-Light.ttf */,
				92F5D9332AE10A610065CA99 /* Inter-Medium.ttf */,
				92F5D9322AE10A610065CA99 /* Inter-Regular.ttf */,
				92F5D9392AE10A610065CA99 /* Inter-SemiBold.ttf */,
				92F5D9342AE10A610065CA99 /* Inter-Thin.ttf */,
			);
			path = Inter;
			sourceTree = "<group>";
		};
		92F5D94D2AE173E70065CA99 /* Navigation */ = {
			isa = PBXGroup;
			children = (
				92F5D94E2AE173F60065CA99 /* TabBarController.swift */,
			);
			path = Navigation;
			sourceTree = "<group>";
		};
		92F5D9502AE1741C0065CA99 /* View */ = {
			isa = PBXGroup;
			children = (
				92F5D9532AE174630065CA99 /* TradeViewController.swift */,
				92F5D9512AE174420065CA99 /* TopViewController.swift */,
				92F5D9602AE1C3D50065CA99 /* TopTableHeaderView.swift */,
				92F5D9552AE1A23B0065CA99 /* TopTableViewCell.swift */,
			);
			path = View;
			sourceTree = "<group>";
		};
		92F5D9572AE1A3400065CA99 /* ViewModel */ = {
			isa = PBXGroup;
			children = (
				92F5D9582AE1A35B0065CA99 /* TopTradersViewModel.swift */,
				92F5D95A2AE1A3730065CA99 /* TopTradersViewModelProtocol.swift */,
				92F5D95C2AE1A4710065CA99 /* TraderViewModel.swift */,
				92F5D95E2AE1A8740065CA99 /* ObservableWrapper.swift */,
			);
			path = ViewModel;
			sourceTree = "<group>";
		};
/* End PBXGroup section */

/* Begin PBXNativeTarget section */
		92F5D9072ADF18110065CA99 /* TradingView */ = {
			isa = PBXNativeTarget;
			buildConfigurationList = 92F5D91C2ADF18120065CA99 /* Build configuration list for PBXNativeTarget "TradingView" */;
			buildPhases = (
				92F5D9042ADF18110065CA99 /* Sources */,
				92F5D9052ADF18110065CA99 /* Frameworks */,
				92F5D9062ADF18110065CA99 /* Resources */,
			);
			buildRules = (
			);
			dependencies = (
			);
			name = TradingView;
			productName = TradingView;
			productReference = 92F5D9082ADF18110065CA99 /* TradingView.app */;
			productType = "com.apple.product-type.application";
		};
/* End PBXNativeTarget section */

/* Begin PBXProject section */
		92F5D9002ADF18110065CA99 /* Project object */ = {
			isa = PBXProject;
			attributes = {
				BuildIndependentTargetsInParallel = 1;
				LastSwiftUpdateCheck = 1420;
				LastUpgradeCheck = 1420;
				TargetAttributes = {
					92F5D9072ADF18110065CA99 = {
						CreatedOnToolsVersion = 14.2;
					};
				};
			};
			buildConfigurationList = 92F5D9032ADF18110065CA99 /* Build configuration list for PBXProject "TradingView" */;
			compatibilityVersion = "Xcode 14.0";
			developmentRegion = en;
			hasScannedForEncodings = 0;
			knownRegions = (
				en,
				Base,
			);
			mainGroup = 92F5D8FF2ADF18110065CA99;
			productRefGroup = 92F5D9092ADF18110065CA99 /* Products */;
			projectDirPath = "";
			projectRoot = "";
			targets = (
				92F5D9072ADF18110065CA99 /* TradingView */,
			);
		};
/* End PBXProject section */

/* Begin PBXResourcesBuildPhase section */
		92F5D9062ADF18110065CA99 /* Resources */ = {
			isa = PBXResourcesBuildPhase;
			buildActionMask = 2147483647;
			files = (
				92F5D93C2AE10A610065CA99 /* Inter-Medium.ttf in Resources */,
				92F5D9482AE1152B0065CA99 /* Localizable.strings in Resources */,
				92F5D9412AE10A610065CA99 /* Inter-Light.ttf in Resources */,
				92F5D9182ADF18120065CA99 /* LaunchScreen.storyboard in Resources */,
				92F5D93B2AE10A610065CA99 /* Inter-Regular.ttf in Resources */,
				92F5D9402AE10A610065CA99 /* Inter-ExtraLight.ttf in Resources */,
				92F5D93F2AE10A610065CA99 /* Inter-Bold.ttf in Resources */,
				92F5D9432AE10A610065CA99 /* Inter-Black.ttf in Resources */,
				92F5D93D2AE10A610065CA99 /* Inter-Thin.ttf in Resources */,
				92F5D9152ADF18120065CA99 /* Assets.xcassets in Resources */,
				92F5D9422AE10A610065CA99 /* Inter-SemiBold.ttf in Resources */,
				92F5D93E2AE10A610065CA99 /* Inter-ExtraBold.ttf in Resources */,
			);
			runOnlyForDeploymentPostprocessing = 0;
		};
/* End PBXResourcesBuildPhase section */

/* Begin PBXSourcesBuildPhase section */
		92F5D9042ADF18110065CA99 /* Sources */ = {
			isa = PBXSourcesBuildPhase;
			buildActionMask = 2147483647;
			files = (
				92F5D95D2AE1A4710065CA99 /* TraderViewModel.swift in Sources */,
				92F5D9452AE10B6C0065CA99 /* Fonts.swift in Sources */,
				92F5D9612AE1C3D50065CA99 /* TopTableHeaderView.swift in Sources */,
				92F5D90C2ADF18110065CA99 /* AppDelegate.swift in Sources */,
				92F5D92D2AE0064F0065CA99 /* Colors.swift in Sources */,
				92F5D9632AE267150065CA99 /* TradersStore.swift in Sources */,
				92F5D94F2AE173F60065CA99 /* TabBarController.swift in Sources */,
				92F5D9542AE174630065CA99 /* TradeViewController.swift in Sources */,
				92F5D90E2ADF18110065CA99 /* SceneDelegate.swift in Sources */,
				92F5D9212ADF20890065CA99 /* TraderModel.swift in Sources */,
				92F5D9652AE267310065CA99 /* TradersStoreProtocol.swift in Sources */,
				92F5D95F2AE1A8740065CA99 /* ObservableWrapper.swift in Sources */,
				92F5D9562AE1A23B0065CA99 /* TopTableViewCell.swift in Sources */,
				92F5D9522AE174420065CA99 /* TopViewController.swift in Sources */,
				92F5D9272ADF330F0065CA99 /* SplashViewController.swift in Sources */,
				92F5D9592AE1A35B0065CA99 /* TopTradersViewModel.swift in Sources */,
				92F5D94C2AE1161F0065CA99 /* Localization.swift in Sources */,
				92F5D95B2AE1A3730065CA99 /* TopTradersViewModelProtocol.swift in Sources */,
				92F5D92A2ADF36080065CA99 /* Image.swift in Sources */,
			);
			runOnlyForDeploymentPostprocessing = 0;
		};
/* End PBXSourcesBuildPhase section */

/* Begin PBXVariantGroup section */
		92F5D9162ADF18120065CA99 /* LaunchScreen.storyboard */ = {
			isa = PBXVariantGroup;
			children = (
				92F5D9172ADF18120065CA99 /* Base */,
			);
			name = LaunchScreen.storyboard;
			sourceTree = "<group>";
		};
		92F5D94A2AE1152B0065CA99 /* Localizable.strings */ = {
			isa = PBXVariantGroup;
			children = (
				92F5D9492AE1152B0065CA99 /* en */,
			);
			name = Localizable.strings;
			sourceTree = "<group>";
		};
/* End PBXVariantGroup section */

/* Begin XCBuildConfiguration section */
		92F5D91A2ADF18120065CA99 /* Debug */ = {
			isa = XCBuildConfiguration;
			buildSettings = {
				ALWAYS_SEARCH_USER_PATHS = NO;
				CLANG_ANALYZER_NONNULL = YES;
				CLANG_ANALYZER_NUMBER_OBJECT_CONVERSION = YES_AGGRESSIVE;
				CLANG_CXX_LANGUAGE_STANDARD = "gnu++20";
				CLANG_ENABLE_MODULES = YES;
				CLANG_ENABLE_OBJC_ARC = YES;
				CLANG_ENABLE_OBJC_WEAK = YES;
				CLANG_WARN_BLOCK_CAPTURE_AUTORELEASING = YES;
				CLANG_WARN_BOOL_CONVERSION = YES;
				CLANG_WARN_COMMA = YES;
				CLANG_WARN_CONSTANT_CONVERSION = YES;
				CLANG_WARN_DEPRECATED_OBJC_IMPLEMENTATIONS = YES;
				CLANG_WARN_DIRECT_OBJC_ISA_USAGE = YES_ERROR;
				CLANG_WARN_DOCUMENTATION_COMMENTS = YES;
				CLANG_WARN_EMPTY_BODY = YES;
				CLANG_WARN_ENUM_CONVERSION = YES;
				CLANG_WARN_INFINITE_RECURSION = YES;
				CLANG_WARN_INT_CONVERSION = YES;
				CLANG_WARN_NON_LITERAL_NULL_CONVERSION = YES;
				CLANG_WARN_OBJC_IMPLICIT_RETAIN_SELF = YES;
				CLANG_WARN_OBJC_LITERAL_CONVERSION = YES;
				CLANG_WARN_OBJC_ROOT_CLASS = YES_ERROR;
				CLANG_WARN_QUOTED_INCLUDE_IN_FRAMEWORK_HEADER = YES;
				CLANG_WARN_RANGE_LOOP_ANALYSIS = YES;
				CLANG_WARN_STRICT_PROTOTYPES = YES;
				CLANG_WARN_SUSPICIOUS_MOVE = YES;
				CLANG_WARN_UNGUARDED_AVAILABILITY = YES_AGGRESSIVE;
				CLANG_WARN_UNREACHABLE_CODE = YES;
				CLANG_WARN__DUPLICATE_METHOD_MATCH = YES;
				COPY_PHASE_STRIP = NO;
				DEBUG_INFORMATION_FORMAT = dwarf;
				ENABLE_STRICT_OBJC_MSGSEND = YES;
				ENABLE_TESTABILITY = YES;
				GCC_C_LANGUAGE_STANDARD = gnu11;
				GCC_DYNAMIC_NO_PIC = NO;
				GCC_NO_COMMON_BLOCKS = YES;
				GCC_OPTIMIZATION_LEVEL = 0;
				GCC_PREPROCESSOR_DEFINITIONS = (
					"DEBUG=1",
					"$(inherited)",
				);
				GCC_WARN_64_TO_32_BIT_CONVERSION = YES;
				GCC_WARN_ABOUT_RETURN_TYPE = YES_ERROR;
				GCC_WARN_UNDECLARED_SELECTOR = YES;
				GCC_WARN_UNINITIALIZED_AUTOS = YES_AGGRESSIVE;
				GCC_WARN_UNUSED_FUNCTION = YES;
				GCC_WARN_UNUSED_VARIABLE = YES;
				IPHONEOS_DEPLOYMENT_TARGET = 16.2;
				MTL_ENABLE_DEBUG_INFO = INCLUDE_SOURCE;
				MTL_FAST_MATH = YES;
				ONLY_ACTIVE_ARCH = YES;
				SDKROOT = iphoneos;
				SWIFT_ACTIVE_COMPILATION_CONDITIONS = DEBUG;
				SWIFT_OPTIMIZATION_LEVEL = "-Onone";
			};
			name = Debug;
		};
		92F5D91B2ADF18120065CA99 /* Release */ = {
			isa = XCBuildConfiguration;
			buildSettings = {
				ALWAYS_SEARCH_USER_PATHS = NO;
				CLANG_ANALYZER_NONNULL = YES;
				CLANG_ANALYZER_NUMBER_OBJECT_CONVERSION = YES_AGGRESSIVE;
				CLANG_CXX_LANGUAGE_STANDARD = "gnu++20";
				CLANG_ENABLE_MODULES = YES;
				CLANG_ENABLE_OBJC_ARC = YES;
				CLANG_ENABLE_OBJC_WEAK = YES;
				CLANG_WARN_BLOCK_CAPTURE_AUTORELEASING = YES;
				CLANG_WARN_BOOL_CONVERSION = YES;
				CLANG_WARN_COMMA = YES;
				CLANG_WARN_CONSTANT_CONVERSION = YES;
				CLANG_WARN_DEPRECATED_OBJC_IMPLEMENTATIONS = YES;
				CLANG_WARN_DIRECT_OBJC_ISA_USAGE = YES_ERROR;
				CLANG_WARN_DOCUMENTATION_COMMENTS = YES;
				CLANG_WARN_EMPTY_BODY = YES;
				CLANG_WARN_ENUM_CONVERSION = YES;
				CLANG_WARN_INFINITE_RECURSION = YES;
				CLANG_WARN_INT_CONVERSION = YES;
				CLANG_WARN_NON_LITERAL_NULL_CONVERSION = YES;
				CLANG_WARN_OBJC_IMPLICIT_RETAIN_SELF = YES;
				CLANG_WARN_OBJC_LITERAL_CONVERSION = YES;
				CLANG_WARN_OBJC_ROOT_CLASS = YES_ERROR;
				CLANG_WARN_QUOTED_INCLUDE_IN_FRAMEWORK_HEADER = YES;
				CLANG_WARN_RANGE_LOOP_ANALYSIS = YES;
				CLANG_WARN_STRICT_PROTOTYPES = YES;
				CLANG_WARN_SUSPICIOUS_MOVE = YES;
				CLANG_WARN_UNGUARDED_AVAILABILITY = YES_AGGRESSIVE;
				CLANG_WARN_UNREACHABLE_CODE = YES;
				CLANG_WARN__DUPLICATE_METHOD_MATCH = YES;
				COPY_PHASE_STRIP = NO;
				DEBUG_INFORMATION_FORMAT = "dwarf-with-dsym";
				ENABLE_NS_ASSERTIONS = NO;
				ENABLE_STRICT_OBJC_MSGSEND = YES;
				GCC_C_LANGUAGE_STANDARD = gnu11;
				GCC_NO_COMMON_BLOCKS = YES;
				GCC_WARN_64_TO_32_BIT_CONVERSION = YES;
				GCC_WARN_ABOUT_RETURN_TYPE = YES_ERROR;
				GCC_WARN_UNDECLARED_SELECTOR = YES;
				GCC_WARN_UNINITIALIZED_AUTOS = YES_AGGRESSIVE;
				GCC_WARN_UNUSED_FUNCTION = YES;
				GCC_WARN_UNUSED_VARIABLE = YES;
				IPHONEOS_DEPLOYMENT_TARGET = 16.2;
				MTL_ENABLE_DEBUG_INFO = NO;
				MTL_FAST_MATH = YES;
				SDKROOT = iphoneos;
				SWIFT_COMPILATION_MODE = wholemodule;
				SWIFT_OPTIMIZATION_LEVEL = "-O";
				VALIDATE_PRODUCT = YES;
			};
			name = Release;
		};
		92F5D91D2ADF18120065CA99 /* Debug */ = {
			isa = XCBuildConfiguration;
			buildSettings = {
				ASSETCATALOG_COMPILER_APPICON_NAME = AppIcon;
				ASSETCATALOG_COMPILER_GLOBAL_ACCENT_COLOR_NAME = AccentColor;
				CODE_SIGN_STYLE = Automatic;
				CURRENT_PROJECT_VERSION = 1;
				DEVELOPMENT_TEAM = JL5AZQCU9T;
				GENERATE_INFOPLIST_FILE = YES;
				INFOPLIST_FILE = TradingView/Info.plist;
				INFOPLIST_KEY_UIApplicationSupportsIndirectInputEvents = YES;
				INFOPLIST_KEY_UILaunchStoryboardName = LaunchScreen;
				INFOPLIST_KEY_UISupportedInterfaceOrientations_iPad = "UIInterfaceOrientationPortrait UIInterfaceOrientationPortraitUpsideDown UIInterfaceOrientationLandscapeLeft UIInterfaceOrientationLandscapeRight";
				INFOPLIST_KEY_UISupportedInterfaceOrientations_iPhone = "UIInterfaceOrientationPortrait UIInterfaceOrientationLandscapeLeft UIInterfaceOrientationLandscapeRight";
				LD_RUNPATH_SEARCH_PATHS = (
					"$(inherited)",
					"@executable_path/Frameworks",
				);
				MARKETING_VERSION = 1.0;
				PRODUCT_BUNDLE_IDENTIFIER = dev.demidengo.TradingView;
				PRODUCT_NAME = "$(TARGET_NAME)";
				SWIFT_EMIT_LOC_STRINGS = YES;
				SWIFT_VERSION = 5.0;
				TARGETED_DEVICE_FAMILY = "1,2";
			};
			name = Debug;
		};
		92F5D91E2ADF18120065CA99 /* Release */ = {
			isa = XCBuildConfiguration;
			buildSettings = {
				ASSETCATALOG_COMPILER_APPICON_NAME = AppIcon;
				ASSETCATALOG_COMPILER_GLOBAL_ACCENT_COLOR_NAME = AccentColor;
				CODE_SIGN_STYLE = Automatic;
				CURRENT_PROJECT_VERSION = 1;
				DEVELOPMENT_TEAM = JL5AZQCU9T;
				GENERATE_INFOPLIST_FILE = YES;
				INFOPLIST_FILE = TradingView/Info.plist;
				INFOPLIST_KEY_UIApplicationSupportsIndirectInputEvents = YES;
				INFOPLIST_KEY_UILaunchStoryboardName = LaunchScreen;
				INFOPLIST_KEY_UISupportedInterfaceOrientations_iPad = "UIInterfaceOrientationPortrait UIInterfaceOrientationPortraitUpsideDown UIInterfaceOrientationLandscapeLeft UIInterfaceOrientationLandscapeRight";
				INFOPLIST_KEY_UISupportedInterfaceOrientations_iPhone = "UIInterfaceOrientationPortrait UIInterfaceOrientationLandscapeLeft UIInterfaceOrientationLandscapeRight";
				LD_RUNPATH_SEARCH_PATHS = (
					"$(inherited)",
					"@executable_path/Frameworks",
				);
				MARKETING_VERSION = 1.0;
				PRODUCT_BUNDLE_IDENTIFIER = dev.demidengo.TradingView;
				PRODUCT_NAME = "$(TARGET_NAME)";
				SWIFT_EMIT_LOC_STRINGS = YES;
				SWIFT_VERSION = 5.0;
				TARGETED_DEVICE_FAMILY = "1,2";
			};
			name = Release;
		};
/* End XCBuildConfiguration section */

/* Begin XCConfigurationList section */
		92F5D9032ADF18110065CA99 /* Build configuration list for PBXProject "TradingView" */ = {
			isa = XCConfigurationList;
			buildConfigurations = (
				92F5D91A2ADF18120065CA99 /* Debug */,
				92F5D91B2ADF18120065CA99 /* Release */,
			);
			defaultConfigurationIsVisible = 0;
			defaultConfigurationName = Release;
		};
		92F5D91C2ADF18120065CA99 /* Build configuration list for PBXNativeTarget "TradingView" */ = {
			isa = XCConfigurationList;
			buildConfigurations = (
				92F5D91D2ADF18120065CA99 /* Debug */,
				92F5D91E2ADF18120065CA99 /* Release */,
			);
			defaultConfigurationIsVisible = 0;
			defaultConfigurationName = Release;
		};
/* End XCConfigurationList section */
	};
	rootObject = 92F5D9002ADF18110065CA99 /* Project object */;
}
